
Microsoft Visual Studio Solution File, Format Version 12.00
# Visual Studio Version 17
VisualStudioVersion = 17.0.32112.339
MinimumVisualStudioVersion = 10.0.40219.1
Project("{9A19103F-16F7-4668-BE54-9A1E7A4F7556}") = "ArtifactLocator", "ArtifactLocator\ArtifactLocator.csproj", "{A127C3B6-B3DB-42A9-8C6E-AB9E061F65A9}"
EndProject
Project("{FAE04EC0-301F-11D3-BF4B-00C04F79EFBC}") = "ArtifactLocator.Tests", "ArtifactLocator.Tests\ArtifactLocator.Tests.csproj", "{7072A12A-12C5-4BB7-9F0E-D77CB1656147}"
EndProject
Global
	GlobalSection(SolutionConfigurationPlatforms) = preSolution
		Debug|Any CPU = Debug|Any CPU
		Release|Any CPU = Release|Any CPU
	EndGlobalSection
	GlobalSection(ProjectConfigurationPlatforms) = postSolution
		{A127C3B6-B3DB-42A9-8C6E-AB9E061F65A9}.Debug|Any CPU.ActiveCfg = Debug|Any CPU
		{A127C3B6-B3DB-42A9-8C6E-AB9E061F65A9}.Debug|Any CPU.Build.0 = Debug|Any CPU
		{A127C3B6-B3DB-42A9-8C6E-AB9E061F65A9}.Release|Any CPU.ActiveCfg = Release|Any CPU
		{A127C3B6-B3DB-42A9-8C6E-AB9E061F65A9}.Release|Any CPU.Build.0 = Release|Any CPU
		{7072A12A-12C5-4BB7-9F0E-D77CB1656147}.Debug|Any CPU.ActiveCfg = Debug|Any CPU
		{7072A12A-12C5-4BB7-9F0E-D77CB1656147}.Debug|Any CPU.Build.0 = Debug|Any CPU
		{7072A12A-12C5-4BB7-9F0E-D77CB1656147}.Release|Any CPU.ActiveCfg = Release|Any CPU
		{7072A12A-12C5-4BB7-9F0E-D77CB1656147}.Release|Any CPU.Build.0 = Release|Any CPU
	EndGlobalSection
	GlobalSection(SolutionProperties) = preSolution
		HideSolutionNode = FALSE
	EndGlobalSection
	GlobalSection(ExtensibilityGlobals) = postSolution
		SolutionGuid = {D0AD0F2C-34F6-4D77-9725-86AE91249604}
	EndGlobalSection
EndGlobal
